
Microsoft Visual Studio Solution File, Format Version 12.00
# Visual Studio Version 17
VisualStudioVersion = 17.1.32210.238
MinimumVisualStudioVersion = 10.0.40219.1
Project("{FAE04EC0-301F-11D3-BF4B-00C04F79EFBC}") = "ADD_Task_2", "ADD_Task_2.csproj", "{92CE54A2-9F09-4083-A4CF-7464BC5E9D7D}"
EndProject
Global
	GlobalSection(SolutionConfigurationPlatforms) = preSolution
		Debug|Any CPU = Debug|Any CPU
		Release|Any CPU = Release|Any CPU
	EndGlobalSection
	GlobalSection(ProjectConfigurationPlatforms) = postSolution
		{92CE54A2-9F09-4083-A4CF-7464BC5E9D7D}.Debug|Any CPU.ActiveCfg = Debug|Any CPU
		{92CE54A2-9F09-4083-A4CF-7464BC5E9D7D}.Debug|Any CPU.Build.0 = Debug|Any CPU
		{92CE54A2-9F09-4083-A4CF-7464BC5E9D7D}.Release|Any CPU.ActiveCfg = Release|Any CPU
		{92CE54A2-9F09-4083-A4CF-7464BC5E9D7D}.Release|Any CPU.Build.0 = Release|Any CPU
	EndGlobalSection
	GlobalSection(SolutionProperties) = preSolution
		HideSolutionNode = FALSE
	EndGlobalSection
	GlobalSection(ExtensibilityGlobals) = postSolution
		SolutionGuid = {3B05E4E7-D7FE-4515-8429-08F4BF70EA9E}
	EndGlobalSection
EndGlobal
